
Microsoft Visual Studio Solution File, Format Version 12.00
Project("{FAE04EC0-301F-11D3-BF4B-00C04F79EFBC}") = "SupportBank", "SupportBank\SupportBank.csproj", "{9ADE8CA4-DF68-4524-9D46-C995DFB52C69}"
EndProject
Global
	GlobalSection(SolutionConfigurationPlatforms) = preSolution
		Debug|Any CPU = Debug|Any CPU
		Release|Any CPU = Release|Any CPU
	EndGlobalSection
	GlobalSection(ProjectConfigurationPlatforms) = postSolution
		{9ADE8CA4-DF68-4524-9D46-C995DFB52C69}.Debug|Any CPU.ActiveCfg = Debug|Any CPU
		{9ADE8CA4-DF68-4524-9D46-C995DFB52C69}.Debug|Any CPU.Build.0 = Debug|Any CPU
		{9ADE8CA4-DF68-4524-9D46-C995DFB52C69}.Release|Any CPU.ActiveCfg = Release|Any CPU
		{9ADE8CA4-DF68-4524-9D46-C995DFB52C69}.Release|Any CPU.Build.0 = Release|Any CPU
	EndGlobalSection
EndGlobal
